// !$*UTF8*$!
{
	archiveVersion = 1;
	classes = {
	};
	objectVersion = 77;
	objects = {

/* Begin PBXContainerItemProxy section */
		9420DBEC2E5E30BA00C776B9 /* PBXContainerItemProxy */ = {
			isa = PBXContainerItemProxy;
			containerPortal = 9420DBD62E5E30B900C776B9 /* Project object */;
			proxyType = 1;
			remoteGlobalIDString = 9420DBDD2E5E30B900C776B9;
			remoteInfo = AppToDoList;
		};
		9420DBF62E5E30BA00C776B9 /* PBXContainerItemProxy */ = {
			isa = PBXContainerItemProxy;
			containerPortal = 9420DBD62E5E30B900C776B9 /* Project object */;
			proxyType = 1;
			remoteGlobalIDString = 9420DBDD2E5E30B900C776B9;
			remoteInfo = AppToDoList;
		};
/* End PBXContainerItemProxy section */

/* Begin PBXFileReference section */
		9420DBDE2E5E30B900C776B9 /* AppToDoList.app */ = {isa = PBXFileReference; explicitFileType = wrapper.application; includeInIndex = 0; path = AppToDoList.app; sourceTree = BUILT_PRODUCTS_DIR; };
		9420DBEB2E5E30BA00C776B9 /* AppToDoListTests.xctest */ = {isa = PBXFileReference; explicitFileType = wrapper.cfbundle; includeInIndex = 0; path = AppToDoListTests.xctest; sourceTree = BUILT_PRODUCTS_DIR; };
		9420DBF52E5E30BA00C776B9 /* AppToDoListUITests.xctest */ = {isa = PBXFileReference; explicitFileType = wrapper.cfbundle; includeInIndex = 0; path = AppToDoListUITests.xctest; sourceTree = BUILT_PRODUCTS_DIR; };
/* End PBXFileReference section */

/* Begin PBXFileSystemSynchronizedRootGroup section */
		9420DBE02E5E30B900C776B9 /* AppToDoList */ = {
			isa = PBXFileSystemSynchronizedRootGroup;
			path = AppToDoList;
			sourceTree = "<group>";
		};
		9420DBEE2E5E30BA00C776B9 /* AppToDoListTests */ = {
			isa = PBXFileSystemSynchronizedRootGroup;
			path = AppToDoListTests;
			sourceTree = "<group>";
		};
		9420DBF82E5E30BA00C776B9 /* AppToDoListUITests */ = {
			isa = PBXFileSystemSynchronizedRootGroup;
			path = AppToDoListUITests;
			sourceTree = "<group>";
		};
/* End PBXFileSystemSynchronizedRootGroup section */

/* Begin PBXFrameworksBuildPhase section */
		9420DBDB2E5E30B900C776B9 /* Frameworks */ = {
			isa = PBXFrameworksBuildPhase;
			buildActionMask = 2147483647;
			files = (
			);
			runOnlyForDeploymentPostprocessing = 0;
		};
		9420DBE82E5E30BA00C776B9 /* Frameworks */ = {
			isa = PBXFrameworksBuildPhase;
			buildActionMask = 2147483647;
			files = (
			);
			runOnlyForDeploymentPostprocessing = 0;
		};
		9420DBF22E5E30BA00C776B9 /* Frameworks */ = {
			isa = PBXFrameworksBuildPhase;
			buildActionMask = 2147483647;
			files = (
			);
			runOnlyForDeploymentPostprocessing = 0;
		};
/* End PBXFrameworksBuildPhase section */

/* Begin PBXGroup section */
		9420DBD52E5E30B900C776B9 = {
			isa = PBXGroup;
			children = (
				9420DBE02E5E30B900C776B9 /* AppToDoList */,
				9420DBEE2E5E30BA00C776B9 /* AppToDoListTests */,
				9420DBF82E5E30BA00C776B9 /* AppToDoListUITests */,
				9420DBDF2E5E30B900C776B9 /* Products */,
			);
			sourceTree = "<group>";
		};
		9420DBDF2E5E30B900C776B9 /* Products */ = {
			isa = PBXGroup;
			children = (
				9420DBDE2E5E30B900C776B9 /* AppToDoList.app */,
				9420DBEB2E5E30BA00C776B9 /* AppToDoListTests.xctest */,
				9420DBF52E5E30BA00C776B9 /* AppToDoListUITests.xctest */,
			);
			name = Products;
			sourceTree = "<group>";
		};
/* End PBXGroup section */

/* Begin PBXNativeTarget section */
		9420DBDD2E5E30B900C776B9 /* AppToDoList */ = {
			isa = PBXNativeTarget;
			buildConfigurationList = 9420DBFF2E5E30BA00C776B9 /* Build configuration list for PBXNativeTarget "AppToDoList" */;
			buildPhases = (
				9420DBDA2E5E30B900C776B9 /* Sources */,
				9420DBDB2E5E30B900C776B9 /* Frameworks */,
				9420DBDC2E5E30B900C776B9 /* Resources */,
			);
			buildRules = (
			);
			dependencies = (
			);
			fileSystemSynchronizedGroups = (
				9420DBE02E5E30B900C776B9 /* AppToDoList */,
			);
			name = AppToDoList;
			packageProductDependencies = (
			);
			productName = AppToDoList;
			productReference = 9420DBDE2E5E30B900C776B9 /* AppToDoList.app */;
			productType = "com.apple.product-type.application";
		};
		9420DBEA2E5E30BA00C776B9 /* AppToDoListTests */ = {
			isa = PBXNativeTarget;
			buildConfigurationList = 9420DC022E5E30BA00C776B9 /* Build configuration list for PBXNativeTarget "AppToDoListTests" */;
			buildPhases = (
				9420DBE72E5E30BA00C776B9 /* Sources */,
				9420DBE82E5E30BA00C776B9 /* Frameworks */,
				9420DBE92E5E30BA00C776B9 /* Resources */,
			);
			buildRules = (
			);
			dependencies = (
				9420DBED2E5E30BA00C776B9 /* PBXTargetDependency */,
			);
			fileSystemSynchronizedGroups = (
				9420DBEE2E5E30BA00C776B9 /* AppToDoListTests */,
			);
			name = AppToDoListTests;
			packageProductDependencies = (
			);
			productName = AppToDoListTests;
			productReference = 9420DBEB2E5E30BA00C776B9 /* AppToDoListTests.xctest */;
			productType = "com.apple.product-type.bundle.unit-test";
		};
		9420DBF42E5E30BA00C776B9 /* AppToDoListUITests */ = {
			isa = PBXNativeTarget;
			buildConfigurationList = 9420DC052E5E30BA00C776B9 /* Build configuration list for PBXNativeTarget "AppToDoListUITests" */;
			buildPhases = (
				9420DBF12E5E30BA00C776B9 /* Sources */,
				9420DBF22E5E30BA00C776B9 /* Frameworks */,
				9420DBF32E5E30BA00C776B9 /* Resources */,
			);
			buildRules = (
			);
			dependencies = (
				9420DBF72E5E30BA00C776B9 /* PBXTargetDependency */,
			);
			fileSystemSynchronizedGroups = (
				9420DBF82E5E30BA00C776B9 /* AppToDoListUITests */,
			);
			name = AppToDoListUITests;
			packageProductDependencies = (
			);
			productName = AppToDoListUITests;
			productReference = 9420DBF52E5E30BA00C776B9 /* AppToDoListUITests.xctest */;
			productType = "com.apple.product-type.bundle.ui-testing";
		};
/* End PBXNativeTarget section */

/* Begin PBXProject section */
		9420DBD62E5E30B900C776B9 /* Project object */ = {
			isa = PBXProject;
			attributes = {
				BuildIndependentTargetsInParallel = 1;
				LastSwiftUpdateCheck = 1640;
				LastUpgradeCheck = 1640;
				TargetAttributes = {
					9420DBDD2E5E30B900C776B9 = {
						CreatedOnToolsVersion = 16.4;
					};
					9420DBEA2E5E30BA00C776B9 = {
						CreatedOnToolsVersion = 16.4;
						TestTargetID = 9420DBDD2E5E30B900C776B9;
					};
					9420DBF42E5E30BA00C776B9 = {
						CreatedOnToolsVersion = 16.4;
						TestTargetID = 9420DBDD2E5E30B900C776B9;
					};
				};
			};
			buildConfigurationList = 9420DBD92E5E30B900C776B9 /* Build configuration list for PBXProject "AppToDoList" */;
			developmentRegion = en;
			hasScannedForEncodings = 0;
			knownRegions = (
				en,
				Base,
			);
			mainGroup = 9420DBD52E5E30B900C776B9;
			minimizedProjectReferenceProxies = 1;
			preferredProjectObjectVersion = 77;
			productRefGroup = 9420DBDF2E5E30B900C776B9 /* Products */;
			projectDirPath = "";
			projectRoot = "";
			targets = (
				9420DBDD2E5E30B900C776B9 /* AppToDoList */,
				9420DBEA2E5E30BA00C776B9 /* AppToDoListTests */,
				9420DBF42E5E30BA00C776B9 /* AppToDoListUITests */,
			);
		};
/* End PBXProject section */

/* Begin PBXResourcesBuildPhase section */
		9420DBDC2E5E30B900C776B9 /* Resources */ = {
			isa = PBXResourcesBuildPhase;
			buildActionMask = 2147483647;
			files = (
			);
			runOnlyForDeploymentPostprocessing = 0;
		};
		9420DBE92E5E30BA00C776B9 /* Resources */ = {
			isa = PBXResourcesBuildPhase;
			buildActionMask = 2147483647;
			files = (
			);
			runOnlyForDeploymentPostprocessing = 0;
		};
		9420DBF32E5E30BA00C776B9 /* Resources */ = {
			isa = PBXResourcesBuildPhase;
			buildActionMask = 2147483647;
			files = (
			);
			runOnlyForDeploymentPostprocessing = 0;
		};
/* End PBXResourcesBuildPhase section */

/* Begin PBXSourcesBuildPhase section */
		9420DBDA2E5E30B900C776B9 /* Sources */ = {
			isa = PBXSourcesBuildPhase;
			buildActionMask = 2147483647;
			files = (
			);
			runOnlyForDeploymentPostprocessing = 0;
		};
		9420DBE72E5E30BA00C776B9 /* Sources */ = {
			isa = PBXSourcesBuildPhase;
			buildActionMask = 2147483647;
			files = (
			);
			runOnlyForDeploymentPostprocessing = 0;
		};
		9420DBF12E5E30BA00C776B9 /* Sources */ = {
			isa = PBXSourcesBuildPhase;
			buildActionMask = 2147483647;
			files = (
			);
			runOnlyForDeploymentPostprocessing = 0;
		};
/* End PBXSourcesBuildPhase section */

/* Begin PBXTargetDependency section */
		9420DBED2E5E30BA00C776B9 /* PBXTargetDependency */ = {
			isa = PBXTargetDependency;
			target = 9420DBDD2E5E30B900C776B9 /* AppToDoList */;
			targetProxy = 9420DBEC2E5E30BA00C776B9 /* PBXContainerItemProxy */;
		};
		9420DBF72E5E30BA00C776B9 /* PBXTargetDependency */ = {
			isa = PBXTargetDependency;
			target = 9420DBDD2E5E30B900C776B9 /* AppToDoList */;
			targetProxy = 9420DBF62E5E30BA00C776B9 /* PBXContainerItemProxy */;
		};
/* End PBXTargetDependency section */

/* Begin XCBuildConfiguration section */
		9420DBFD2E5E30BA00C776B9 /* Debug */ = {
			isa = XCBuildConfiguration;
			buildSettings = {
				ALWAYS_SEARCH_USER_PATHS = NO;
				ASSETCATALOG_COMPILER_GENERATE_SWIFT_ASSET_SYMBOL_EXTENSIONS = YES;
				CLANG_ANALYZER_NONNULL = YES;
				CLANG_ANALYZER_NUMBER_OBJECT_CONVERSION = YES_AGGRESSIVE;
				CLANG_CXX_LANGUAGE_STANDARD = "gnu++20";
				CLANG_ENABLE_MODULES = YES;
				CLANG_ENABLE_OBJC_ARC = YES;
				CLANG_ENABLE_OBJC_WEAK = YES;
				CLANG_WARN_BLOCK_CAPTURE_AUTORELEASING = YES;
				CLANG_WARN_BOOL_CONVERSION = YES;
				CLANG_WARN_COMMA = YES;
				CLANG_WARN_CONSTANT_CONVERSION = YES;
				CLANG_WARN_DEPRECATED_OBJC_IMPLEMENTATIONS = YES;
				CLANG_WARN_DIRECT_OBJC_ISA_USAGE = YES_ERROR;
				CLANG_WARN_DOCUMENTATION_COMMENTS = YES;
				CLANG_WARN_EMPTY_BODY = YES;
				CLANG_WARN_ENUM_CONVERSION = YES;
				CLANG_WARN_INFINITE_RECURSION = YES;
				CLANG_WARN_INT_CONVERSION = YES;
				CLANG_WARN_NON_LITERAL_NULL_CONVERSION = YES;
				CLANG_WARN_OBJC_IMPLICIT_RETAIN_SELF = YES;
				CLANG_WARN_OBJC_LITERAL_CONVERSION = YES;
				CLANG_WARN_OBJC_ROOT_CLASS = YES_ERROR;
				CLANG_WARN_QUOTED_INCLUDE_IN_FRAMEWORK_HEADER = YES;
				CLANG_WARN_RANGE_LOOP_ANALYSIS = YES;
				CLANG_WARN_STRICT_PROTOTYPES = YES;
				CLANG_WARN_SUSPICIOUS_MOVE = YES;
				CLANG_WARN_UNGUARDED_AVAILABILITY = YES_AGGRESSIVE;
				CLANG_WARN_UNREACHABLE_CODE = YES;
				CLANG_WARN__DUPLICATE_METHOD_MATCH = YES;
				COPY_PHASE_STRIP = NO;
				DEBUG_INFORMATION_FORMAT = dwarf;
				ENABLE_STRICT_OBJC_MSGSEND = YES;
				ENABLE_TESTABILITY = YES;
				ENABLE_USER_SCRIPT_SANDBOXING = YES;
				GCC_C_LANGUAGE_STANDARD = gnu17;
				GCC_DYNAMIC_NO_PIC = NO;
				GCC_NO_COMMON_BLOCKS = YES;
				GCC_OPTIMIZATION_LEVEL = 0;
				GCC_PREPROCESSOR_DEFINITIONS = (
					"DEBUG=1",
					"$(inherited)",
				);
				GCC_WARN_64_TO_32_BIT_CONVERSION = YES;
				GCC_WARN_ABOUT_RETURN_TYPE = YES_ERROR;
				GCC_WARN_UNDECLARED_SELECTOR = YES;
				GCC_WARN_UNINITIALIZED_AUTOS = YES_AGGRESSIVE;
				GCC_WARN_UNUSED_FUNCTION = YES;
				GCC_WARN_UNUSED_VARIABLE = YES;
				IPHONEOS_DEPLOYMENT_TARGET = 18.5;
				LOCALIZATION_PREFERS_STRING_CATALOGS = YES;
				MTL_ENABLE_DEBUG_INFO = INCLUDE_SOURCE;
				MTL_FAST_MATH = YES;
				ONLY_ACTIVE_ARCH = YES;
				SDKROOT = iphoneos;
				SWIFT_ACTIVE_COMPILATION_CONDITIONS = "DEBUG $(inherited)";
				SWIFT_OPTIMIZATION_LEVEL = "-Onone";
			};
			name = Debug;
		};
		9420DBFE2E5E30BA00C776B9 /* Release */ = {
			isa = XCBuildConfiguration;
			buildSettings = {
				ALWAYS_SEARCH_USER_PATHS = NO;
				ASSETCATALOG_COMPILER_GENERATE_SWIFT_ASSET_SYMBOL_EXTENSIONS = YES;
				CLANG_ANALYZER_NONNULL = YES;
				CLANG_ANALYZER_NUMBER_OBJECT_CONVERSION = YES_AGGRESSIVE;
				CLANG_CXX_LANGUAGE_STANDARD = "gnu++20";
				CLANG_ENABLE_MODULES = YES;
				CLANG_ENABLE_OBJC_ARC = YES;
				CLANG_ENABLE_OBJC_WEAK = YES;
				CLANG_WARN_BLOCK_CAPTURE_AUTORELEASING = YES;
				CLANG_WARN_BOOL_CONVERSION = YES;
				CLANG_WARN_COMMA = YES;
				CLANG_WARN_CONSTANT_CONVERSION = YES;
				CLANG_WARN_DEPRECATED_OBJC_IMPLEMENTATIONS = YES;
				CLANG_WARN_DIRECT_OBJC_ISA_USAGE = YES_ERROR;
				CLANG_WARN_DOCUMENTATION_COMMENTS = YES;
				CLANG_WARN_EMPTY_BODY = YES;
				CLANG_WARN_ENUM_CONVERSION = YES;
				CLANG_WARN_INFINITE_RECURSION = YES;
				CLANG_WARN_INT_CONVERSION = YES;
				CLANG_WARN_NON_LITERAL_NULL_CONVERSION = YES;
				CLANG_WARN_OBJC_IMPLICIT_RETAIN_SELF = YES;
				CLANG_WARN_OBJC_LITERAL_CONVERSION = YES;
				CLANG_WARN_OBJC_ROOT_CLASS = YES_ERROR;
				CLANG_WARN_QUOTED_INCLUDE_IN_FRAMEWORK_HEADER = YES;
				CLANG_WARN_RANGE_LOOP_ANALYSIS = YES;
				CLANG_WARN_STRICT_PROTOTYPES = YES;
				CLANG_WARN_SUSPICIOUS_MOVE = YES;
				CLANG_WARN_UNGUARDED_AVAILABILITY = YES_AGGRESSIVE;
				CLANG_WARN_UNREACHABLE_CODE = YES;
				CLANG_WARN__DUPLICATE_METHOD_MATCH = YES;
				COPY_PHASE_STRIP = NO;
				DEBUG_INFORMATION_FORMAT = "dwarf-with-dsym";
				ENABLE_NS_ASSERTIONS = NO;
				ENABLE_STRICT_OBJC_MSGSEND = YES;
				ENABLE_USER_SCRIPT_SANDBOXING = YES;
				GCC_C_LANGUAGE_STANDARD = gnu17;
				GCC_NO_COMMON_BLOCKS = YES;
				GCC_WARN_64_TO_32_BIT_CONVERSION = YES;
				GCC_WARN_ABOUT_RETURN_TYPE = YES_ERROR;
				GCC_WARN_UNDECLARED_SELECTOR = YES;
				GCC_WARN_UNINITIALIZED_AUTOS = YES_AGGRESSIVE;
				GCC_WARN_UNUSED_FUNCTION = YES;
				GCC_WARN_UNUSED_VARIABLE = YES;
				IPHONEOS_DEPLOYMENT_TARGET = 18.5;
				LOCALIZATION_PREFERS_STRING_CATALOGS = YES;
				MTL_ENABLE_DEBUG_INFO = NO;
				MTL_FAST_MATH = YES;
				SDKROOT = iphoneos;
				SWIFT_COMPILATION_MODE = wholemodule;
				VALIDATE_PRODUCT = YES;
			};
			name = Release;
		};
		9420DC002E5E30BA00C776B9 /* Debug */ = {
			isa = XCBuildConfiguration;
			buildSettings = {
				ASSETCATALOG_COMPILER_APPICON_NAME = AppIcon;
				ASSETCATALOG_COMPILER_GLOBAL_ACCENT_COLOR_NAME = AccentColor;
				CODE_SIGN_STYLE = Automatic;
				CURRENT_PROJECT_VERSION = 1;
				ENABLE_PREVIEWS = YES;
				GENERATE_INFOPLIST_FILE = YES;
				INFOPLIST_KEY_UIApplicationSceneManifest_Generation = YES;
				INFOPLIST_KEY_UIApplicationSupportsIndirectInputEvents = YES;
				INFOPLIST_KEY_UILaunchScreen_Generation = YES;
				INFOPLIST_KEY_UISupportedInterfaceOrientations_iPad = "UIInterfaceOrientationPortrait UIInterfaceOrientationPortraitUpsideDown UIInterfaceOrientationLandscapeLeft UIInterfaceOrientationLandscapeRight";
				INFOPLIST_KEY_UISupportedInterfaceOrientations_iPhone = "UIInterfaceOrientationPortrait UIInterfaceOrientationLandscapeLeft UIInterfaceOrientationLandscapeRight";
				LD_RUNPATH_SEARCH_PATHS = (
					"$(inherited)",
					"@executable_path/Frameworks",
				);
				MARKETING_VERSION = 1.0;
				PRODUCT_BUNDLE_IDENTIFIER = leonardo.dev.AppToDoList;
				PRODUCT_NAME = "$(TARGET_NAME)";
				SWIFT_EMIT_LOC_STRINGS = YES;
				SWIFT_VERSION = 5.0;
				TARGETED_DEVICE_FAMILY = "1,2";
			};
			name = Debug;
		};
		9420DC012E5E30BA00C776B9 /* Release */ = {
			isa = XCBuildConfiguration;
			buildSettings = {
				ASSETCATALOG_COMPILER_APPICON_NAME = AppIcon;
				ASSETCATALOG_COMPILER_GLOBAL_ACCENT_COLOR_NAME = AccentColor;
				CODE_SIGN_STYLE = Automatic;
				CURRENT_PROJECT_VERSION = 1;
				ENABLE_PREVIEWS = YES;
				GENERATE_INFOPLIST_FILE = YES;
				INFOPLIST_KEY_UIApplicationSceneManifest_Generation = YES;
				INFOPLIST_KEY_UIApplicationSupportsIndirectInputEvents = YES;
				INFOPLIST_KEY_UILaunchScreen_Generation = YES;
				INFOPLIST_KEY_UISupportedInterfaceOrientations_iPad = "UIInterfaceOrientationPortrait UIInterfaceOrientationPortraitUpsideDown UIInterfaceOrientationLandscapeLeft UIInterfaceOrientationLandscapeRight";
				INFOPLIST_KEY_UISupportedInterfaceOrientations_iPhone = "UIInterfaceOrientationPortrait UIInterfaceOrientationLandscapeLeft UIInterfaceOrientationLandscapeRight";
				LD_RUNPATH_SEARCH_PATHS = (
					"$(inherited)",
					"@executable_path/Frameworks",
				);
				MARKETING_VERSION = 1.0;
				PRODUCT_BUNDLE_IDENTIFIER = leonardo.dev.AppToDoList;
				PRODUCT_NAME = "$(TARGET_NAME)";
				SWIFT_EMIT_LOC_STRINGS = YES;
				SWIFT_VERSION = 5.0;
				TARGETED_DEVICE_FAMILY = "1,2";
			};
			name = Release;
		};
		9420DC032E5E30BA00C776B9 /* Debug */ = {
			isa = XCBuildConfiguration;
			buildSettings = {
				BUNDLE_LOADER = "$(TEST_HOST)";
				CODE_SIGN_STYLE = Automatic;
				CURRENT_PROJECT_VERSION = 1;
				GENERATE_INFOPLIST_FILE = YES;
				IPHONEOS_DEPLOYMENT_TARGET = 18.5;
				MARKETING_VERSION = 1.0;
				PRODUCT_BUNDLE_IDENTIFIER = leonardo.dev.AppToDoListTests;
				PRODUCT_NAME = "$(TARGET_NAME)";
				SWIFT_EMIT_LOC_STRINGS = NO;
				SWIFT_VERSION = 5.0;
				TARGETED_DEVICE_FAMILY = "1,2";
				TEST_HOST = "$(BUILT_PRODUCTS_DIR)/AppToDoList.app/$(BUNDLE_EXECUTABLE_FOLDER_PATH)/AppToDoList";
			};
			name = Debug;
		};
		9420DC042E5E30BA00C776B9 /* Release */ = {
			isa = XCBuildConfiguration;
			buildSettings = {
				BUNDLE_LOADER = "$(TEST_HOST)";
				CODE_SIGN_STYLE = Automatic;
				CURRENT_PROJECT_VERSION = 1;
				GENERATE_INFOPLIST_FILE = YES;
				IPHONEOS_DEPLOYMENT_TARGET = 18.5;
				MARKETING_VERSION = 1.0;
				PRODUCT_BUNDLE_IDENTIFIER = leonardo.dev.AppToDoListTests;
				PRODUCT_NAME = "$(TARGET_NAME)";
				SWIFT_EMIT_LOC_STRINGS = NO;
				SWIFT_VERSION = 5.0;
				TARGETED_DEVICE_FAMILY = "1,2";
				TEST_HOST = "$(BUILT_PRODUCTS_DIR)/AppToDoList.app/$(BUNDLE_EXECUTABLE_FOLDER_PATH)/AppToDoList";
			};
			name = Release;
		};
		9420DC062E5E30BA00C776B9 /* Debug */ = {
			isa = XCBuildConfiguration;
			buildSettings = {
				CODE_SIGN_STYLE = Automatic;
				CURRENT_PROJECT_VERSION = 1;
				GENERATE_INFOPLIST_FILE = YES;
				MARKETING_VERSION = 1.0;
				PRODUCT_BUNDLE_IDENTIFIER = leonardo.dev.AppToDoListUITests;
				PRODUCT_NAME = "$(TARGET_NAME)";
				SWIFT_EMIT_LOC_STRINGS = NO;
				SWIFT_VERSION = 5.0;
				TARGETED_DEVICE_FAMILY = "1,2";
				TEST_TARGET_NAME = AppToDoList;
			};
			name = Debug;
		};
		9420DC072E5E30BA00C776B9 /* Release */ = {
			isa = XCBuildConfiguration;
			buildSettings = {
				CODE_SIGN_STYLE = Automatic;
				CURRENT_PROJECT_VERSION = 1;
				GENERATE_INFOPLIST_FILE = YES;
				MARKETING_VERSION = 1.0;
				PRODUCT_BUNDLE_IDENTIFIER = leonardo.dev.AppToDoListUITests;
				PRODUCT_NAME = "$(TARGET_NAME)";
				SWIFT_EMIT_LOC_STRINGS = NO;
				SWIFT_VERSION = 5.0;
				TARGETED_DEVICE_FAMILY = "1,2";
				TEST_TARGET_NAME = AppToDoList;
			};
			name = Release;
		};
/* End XCBuildConfiguration section */

/* Begin XCConfigurationList section */
		9420DBD92E5E30B900C776B9 /* Build configuration list for PBXProject "AppToDoList" */ = {
			isa = XCConfigurationList;
			buildConfigurations = (
				9420DBFD2E5E30BA00C776B9 /* Debug */,
				9420DBFE2E5E30BA00C776B9 /* Release */,
			);
			defaultConfigurationIsVisible = 0;
			defaultConfigurationName = Release;
		};
		9420DBFF2E5E30BA00C776B9 /* Build configuration list for PBXNativeTarget "AppToDoList" */ = {
			isa = XCConfigurationList;
			buildConfigurations = (
				9420DC002E5E30BA00C776B9 /* Debug */,
				9420DC012E5E30BA00C776B9 /* Release */,
			);
			defaultConfigurationIsVisible = 0;
			defaultConfigurationName = Release;
		};
		9420DC022E5E30BA00C776B9 /* Build configuration list for PBXNativeTarget "AppToDoListTests" */ = {
			isa = XCConfigurationList;
			buildConfigurations = (
				9420DC032E5E30BA00C776B9 /* Debug */,
				9420DC042E5E30BA00C776B9 /* Release */,
			);
			defaultConfigurationIsVisible = 0;
			defaultConfigurationName = Release;
		};
		9420DC052E5E30BA00C776B9 /* Build configuration list for PBXNativeTarget "AppToDoListUITests" */ = {
			isa = XCConfigurationList;
			buildConfigurations = (
				9420DC062E5E30BA00C776B9 /* Debug */,
				9420DC072E5E30BA00C776B9 /* Release */,
			);
			defaultConfigurationIsVisible = 0;
			defaultConfigurationName = Release;
		};
/* End XCConfigurationList section */
	};
	rootObject = 9420DBD62E5E30B900C776B9 /* Project object */;
}
